// !$*UTF8*$!
{
	archiveVersion = 1;
	classes = {
	};
	objectVersion = 46;
	objects = {

/* Begin PBXBuildFile section */
		242E724D14DB952200DF6B9E /* UIKit.framework in Frameworks */ = {isa = PBXBuildFile; fileRef = 242E724C14DB952200DF6B9E /* UIKit.framework */; };
		242E724F14DB952200DF6B9E /* Foundation.framework in Frameworks */ = {isa = PBXBuildFile; fileRef = 242E724E14DB952200DF6B9E /* Foundation.framework */; };
		242E725114DB952200DF6B9E /* CoreGraphics.framework in Frameworks */ = {isa = PBXBuildFile; fileRef = 242E725014DB952200DF6B9E /* CoreGraphics.framework */; };
		242E725714DB952200DF6B9E /* InfoPlist.strings in Resources */ = {isa = PBXBuildFile; fileRef = 242E725514DB952200DF6B9E /* InfoPlist.strings */; };
		242E725914DB952200DF6B9E /* main.m in Sources */ = {isa = PBXBuildFile; fileRef = 242E725814DB952200DF6B9E /* main.m */; };
		242E725D14DB952200DF6B9E /* CalculatorAppDelegate.m in Sources */ = {isa = PBXBuildFile; fileRef = 242E725C14DB952200DF6B9E /* CalculatorAppDelegate.m */; };
		242E726014DB952200DF6B9E /* MainStoryboard.storyboard in Resources */ = {isa = PBXBuildFile; fileRef = 242E725E14DB952200DF6B9E /* MainStoryboard.storyboard */; };
		242E726314DB952200DF6B9E /* CalculatorViewController.m in Sources */ = {isa = PBXBuildFile; fileRef = 242E726214DB952200DF6B9E /* CalculatorViewController.m */; };
		24CE13E714E8255000DC0A05 /* CalculatorBrain.m in Sources */ = {isa = PBXBuildFile; fileRef = 24CE13E614E8255000DC0A05 /* CalculatorBrain.m */; };
/* End PBXBuildFile section */

/* Begin PBXFileReference section */
		242E724814DB952200DF6B9E /* Calculator.app */ = {isa = PBXFileReference; explicitFileType = wrapper.application; includeInIndex = 0; path = Calculator.app; sourceTree = BUILT_PRODUCTS_DIR; };
		242E724C14DB952200DF6B9E /* UIKit.framework */ = {isa = PBXFileReference; lastKnownFileType = wrapper.framework; name = UIKit.framework; path = System/Library/Frameworks/UIKit.framework; sourceTree = SDKROOT; };
		242E724E14DB952200DF6B9E /* Foundation.framework */ = {isa = PBXFileReference; lastKnownFileType = wrapper.framework; name = Foundation.framework; path = System/Library/Frameworks/Foundation.framework; sourceTree = SDKROOT; };
		242E725014DB952200DF6B9E /* CoreGraphics.framework */ = {isa = PBXFileReference; lastKnownFileType = wrapper.framework; name = CoreGraphics.framework; path = System/Library/Frameworks/CoreGraphics.framework; sourceTree = SDKROOT; };
		242E725414DB952200DF6B9E /* Calculator-Info.plist */ = {isa = PBXFileReference; lastKnownFileType = text.plist.xml; path = "Calculator-Info.plist"; sourceTree = "<group>"; };
		242E725614DB952200DF6B9E /* en */ = {isa = PBXFileReference; lastKnownFileType = text.plist.strings; name = en; path = en.lproj/InfoPlist.strings; sourceTree = "<group>"; };
		242E725814DB952200DF6B9E /* main.m */ = {isa = PBXFileReference; lastKnownFileType = sourcecode.c.objc; path = main.m; sourceTree = "<group>"; };
		242E725A14DB952200DF6B9E /* Calculator-Prefix.pch */ = {isa = PBXFileReference; lastKnownFileType = sourcecode.c.h; path = "Calculator-Prefix.pch"; sourceTree = "<group>"; };
		242E725B14DB952200DF6B9E /* CalculatorAppDelegate.h */ = {isa = PBXFileReference; lastKnownFileType = sourcecode.c.h; path = CalculatorAppDelegate.h; sourceTree = "<group>"; };
		242E725C14DB952200DF6B9E /* CalculatorAppDelegate.m */ = {isa = PBXFileReference; lastKnownFileType = sourcecode.c.objc; path = CalculatorAppDelegate.m; sourceTree = "<group>"; };
		242E725F14DB952200DF6B9E /* en */ = {isa = PBXFileReference; lastKnownFileType = file.storyboard; name = en; path = en.lproj/MainStoryboard.storyboard; sourceTree = "<group>"; };
		242E726114DB952200DF6B9E /* CalculatorViewController.h */ = {isa = PBXFileReference; lastKnownFileType = sourcecode.c.h; path = CalculatorViewController.h; sourceTree = "<group>"; };
		242E726214DB952200DF6B9E /* CalculatorViewController.m */ = {isa = PBXFileReference; lastKnownFileType = sourcecode.c.objc; path = CalculatorViewController.m; sourceTree = "<group>"; };
		24CE13E514E8255000DC0A05 /* CalculatorBrain.h */ = {isa = PBXFileReference; fileEncoding = 4; lastKnownFileType = sourcecode.c.h; path = CalculatorBrain.h; sourceTree = "<group>"; };
		24CE13E614E8255000DC0A05 /* CalculatorBrain.m */ = {isa = PBXFileReference; fileEncoding = 4; lastKnownFileType = sourcecode.c.objc; path = CalculatorBrain.m; sourceTree = "<group>"; };
/* End PBXFileReference section */

/* Begin PBXFrameworksBuildPhase section */
		242E724514DB952200DF6B9E /* Frameworks */ = {
			isa = PBXFrameworksBuildPhase;
			buildActionMask = 2147483647;
			files = (
				242E724D14DB952200DF6B9E /* UIKit.framework in Frameworks */,
				242E724F14DB952200DF6B9E /* Foundation.framework in Frameworks */,
				242E725114DB952200DF6B9E /* CoreGraphics.framework in Frameworks */,
			);
			runOnlyForDeploymentPostprocessing = 0;
		};
/* End PBXFrameworksBuildPhase section */

/* Begin PBXGroup section */
		242E723D14DB952200DF6B9E = {
			isa = PBXGroup;
			children = (
				242E725214DB952200DF6B9E /* Calculator */,
				242E724B14DB952200DF6B9E /* Frameworks */,
				242E724914DB952200DF6B9E /* Products */,
			);
			sourceTree = "<group>";
		};
		242E724914DB952200DF6B9E /* Products */ = {
			isa = PBXGroup;
			children = (
				242E724814DB952200DF6B9E /* Calculator.app */,
			);
			name = Products;
			sourceTree = "<group>";
		};
		242E724B14DB952200DF6B9E /* Frameworks */ = {
			isa = PBXGroup;
			children = (
				242E724C14DB952200DF6B9E /* UIKit.framework */,
				242E724E14DB952200DF6B9E /* Foundation.framework */,
				242E725014DB952200DF6B9E /* CoreGraphics.framework */,
			);
			name = Frameworks;
			sourceTree = "<group>";
		};
		242E725214DB952200DF6B9E /* Calculator */ = {
			isa = PBXGroup;
			children = (
				242E725B14DB952200DF6B9E /* CalculatorAppDelegate.h */,
				242E725C14DB952200DF6B9E /* CalculatorAppDelegate.m */,
				242E725E14DB952200DF6B9E /* MainStoryboard.storyboard */,
				24CE13E514E8255000DC0A05 /* CalculatorBrain.h */,
				24CE13E614E8255000DC0A05 /* CalculatorBrain.m */,
				242E726114DB952200DF6B9E /* CalculatorViewController.h */,
				242E726214DB952200DF6B9E /* CalculatorViewController.m */,
				242E725314DB952200DF6B9E /* Supporting Files */,
			);
			path = Calculator;
			sourceTree = "<group>";
		};
		242E725314DB952200DF6B9E /* Supporting Files */ = {
			isa = PBXGroup;
			children = (
				242E725414DB952200DF6B9E /* Calculator-Info.plist */,
				242E725514DB952200DF6B9E /* InfoPlist.strings */,
				242E725814DB952200DF6B9E /* main.m */,
				242E725A14DB952200DF6B9E /* Calculator-Prefix.pch */,
			);
			name = "Supporting Files";
			sourceTree = "<group>";
		};
/* End PBXGroup section */

/* Begin PBXNativeTarget section */
		242E724714DB952200DF6B9E /* Calculator */ = {
			isa = PBXNativeTarget;
			buildConfigurationList = 242E726614DB952200DF6B9E /* Build configuration list for PBXNativeTarget "Calculator" */;
			buildPhases = (
				242E724414DB952200DF6B9E /* Sources */,
				242E724514DB952200DF6B9E /* Frameworks */,
				242E724614DB952200DF6B9E /* Resources */,
			);
			buildRules = (
			);
			dependencies = (
			);
			name = Calculator;
			productName = Calculator;
			productReference = 242E724814DB952200DF6B9E /* Calculator.app */;
			productType = "com.apple.product-type.application";
		};
/* End PBXNativeTarget section */

/* Begin PBXProject section */
		242E723F14DB952200DF6B9E /* Project object */ = {
			isa = PBXProject;
			attributes = {
				LastUpgradeCheck = 0420;
				ORGANIZATIONNAME = "LSR Marketing Service";
			};
			buildConfigurationList = 242E724214DB952200DF6B9E /* Build configuration list for PBXProject "Calculator" */;
			compatibilityVersion = "Xcode 3.2";
			developmentRegion = English;
			hasScannedForEncodings = 0;
			knownRegions = (
				en,
			);
			mainGroup = 242E723D14DB952200DF6B9E;
			productRefGroup = 242E724914DB952200DF6B9E /* Products */;
			projectDirPath = "";
			projectRoot = "";
			targets = (
				242E724714DB952200DF6B9E /* Calculator */,
			);
		};
/* End PBXProject section */

/* Begin PBXResourcesBuildPhase section */
		242E724614DB952200DF6B9E /* Resources */ = {
			isa = PBXResourcesBuildPhase;
			buildActionMask = 2147483647;
			files = (
				242E725714DB952200DF6B9E /* InfoPlist.strings in Resources */,
				242E726014DB952200DF6B9E /* MainStoryboard.storyboard in Resources */,
			);
			runOnlyForDeploymentPostprocessing = 0;
		};
/* End PBXResourcesBuildPhase section */

/* Begin PBXSourcesBuildPhase section */
		242E724414DB952200DF6B9E /* Sources */ = {
			isa = PBXSourcesBuildPhase;
			buildActionMask = 2147483647;
			files = (
				242E725914DB952200DF6B9E /* main.m in Sources */,
				242E725D14DB952200DF6B9E /* CalculatorAppDelegate.m in Sources */,
				242E726314DB952200DF6B9E /* CalculatorViewController.m in Sources */,
				24CE13E714E8255000DC0A05 /* CalculatorBrain.m in Sources */,
			);
			runOnlyForDeploymentPostprocessing = 0;
		};
/* End PBXSourcesBuildPhase section */

/* Begin PBXVariantGroup section */
		242E725514DB952200DF6B9E /* InfoPlist.strings */ = {
			isa = PBXVariantGroup;
			children = (
				242E725614DB952200DF6B9E /* en */,
			);
			name = InfoPlist.strings;
			sourceTree = "<group>";
		};
		242E725E14DB952200DF6B9E /* MainStoryboard.storyboard */ = {
			isa = PBXVariantGroup;
			children = (
				242E725F14DB952200DF6B9E /* en */,
			);
			name = MainStoryboard.storyboard;
			sourceTree = "<group>";
		};
/* End PBXVariantGroup section */

/* Begin XCBuildConfiguration section */
		242E726414DB952200DF6B9E /* Debug */ = {
			isa = XCBuildConfiguration;
			buildSettings = {
				ALWAYS_SEARCH_USER_PATHS = NO;
				ARCHS = "$(ARCHS_STANDARD_32_BIT)";
				CLANG_ENABLE_OBJC_ARC = YES;
				"CODE_SIGN_IDENTITY[sdk=iphoneos*]" = "iPhone Developer";
				COPY_PHASE_STRIP = NO;
				GCC_C_LANGUAGE_STANDARD = gnu99;
				GCC_DYNAMIC_NO_PIC = NO;
				GCC_OPTIMIZATION_LEVEL = 0;
				GCC_PREPROCESSOR_DEFINITIONS = (
					"DEBUG=1",
					"$(inherited)",
				);
				GCC_SYMBOLS_PRIVATE_EXTERN = NO;
				GCC_VERSION = com.apple.compilers.llvm.clang.1_0;
				GCC_WARN_ABOUT_MISSING_PROTOTYPES = YES;
				GCC_WARN_ABOUT_RETURN_TYPE = YES;
				GCC_WARN_UNUSED_VARIABLE = YES;
				IPHONEOS_DEPLOYMENT_TARGET = 5.0;
				SDKROOT = iphoneos;
			};
			name = Debug;
		};
		242E726514DB952200DF6B9E /* Release */ = {
			isa = XCBuildConfiguration;
			buildSettings = {
				ALWAYS_SEARCH_USER_PATHS = NO;
				ARCHS = "$(ARCHS_STANDARD_32_BIT)";
				CLANG_ENABLE_OBJC_ARC = YES;
				"CODE_SIGN_IDENTITY[sdk=iphoneos*]" = "iPhone Developer";
				COPY_PHASE_STRIP = YES;
				GCC_C_LANGUAGE_STANDARD = gnu99;
				GCC_VERSION = com.apple.compilers.llvm.clang.1_0;
				GCC_WARN_ABOUT_MISSING_PROTOTYPES = YES;
				GCC_WARN_ABOUT_RETURN_TYPE = YES;
				GCC_WARN_UNUSED_VARIABLE = YES;
				IPHONEOS_DEPLOYMENT_TARGET = 5.0;
				OTHER_CFLAGS = "-DNS_BLOCK_ASSERTIONS=1";
				SDKROOT = iphoneos;
				VALIDATE_PRODUCT = YES;
			};
			name = Release;
		};
		242E726714DB952200DF6B9E /* Debug */ = {
			isa = XCBuildConfiguration;
			buildSettings = {
				GCC_PRECOMPILE_PREFIX_HEADER = YES;
				GCC_PREFIX_HEADER = "Calculator/Calculator-Prefix.pch";
				INFOPLIST_FILE = "Calculator/Calculator-Info.plist";
				PRODUCT_NAME = "$(TARGET_NAME)";
				WRAPPER_EXTENSION = app;
			};
			name = Debug;
		};
		242E726814DB952200DF6B9E /* Release */ = {
			isa = XCBuildConfiguration;
			buildSettings = {
				GCC_PRECOMPILE_PREFIX_HEADER = YES;
				GCC_PREFIX_HEADER = "Calculator/Calculator-Prefix.pch";
				INFOPLIST_FILE = "Calculator/Calculator-Info.plist";
				PRODUCT_NAME = "$(TARGET_NAME)";
				WRAPPER_EXTENSION = app;
			};
			name = Release;
		};
/* End XCBuildConfiguration section */

/* Begin XCConfigurationList section */
		242E724214DB952200DF6B9E /* Build configuration list for PBXProject "Calculator" */ = {
			isa = XCConfigurationList;
			buildConfigurations = (
				242E726414DB952200DF6B9E /* Debug */,
				242E726514DB952200DF6B9E /* Release */,
			);
			defaultConfigurationIsVisible = 0;
			defaultConfigurationName = Release;
		};
		242E726614DB952200DF6B9E /* Build configuration list for PBXNativeTarget "Calculator" */ = {
			isa = XCConfigurationList;
			buildConfigurations = (
				242E726714DB952200DF6B9E /* Debug */,
				242E726814DB952200DF6B9E /* Release */,
			);
			defaultConfigurationIsVisible = 0;
			defaultConfigurationName = Release;
		};
/* End XCConfigurationList section */
	};
	rootObject = 242E723F14DB952200DF6B9E /* Project object */;
}
